Microsoft Visual Studio Solution File, Format Version 12.00
# Visual Studio Version 17
VisualStudioVersion = 17.5.2.0
MinimumVisualStudioVersion = 10.0.40219.1
Project("{FAE04EC0-301F-11D3-BF4B-00C04F79EFBC}") = "DeLoreanMonitoring", "DeLoreanMonitoring\DeLoreanMonitoring.csproj", "{5B106F01-5B3A-73CB-E090-1F890F3F71AB}"
EndProject
Global
	GlobalSection(SolutionConfigurationPlatforms) = preSolution
		Debug|Any CPU = Debug|Any CPU
		Release|Any CPU = Release|Any CPU
	EndGlobalSection
	GlobalSection(ProjectConfigurationPlatforms) = postSolution
		{5B106F01-5B3A-73CB-E090-1F890F3F71AB}.Debug|Any CPU.ActiveCfg = Debug|Any CPU
		{5B106F01-5B3A-73CB-E090-1F890F3F71AB}.Debug|Any CPU.Build.0 = Debug|Any CPU
		{5B106F01-5B3A-73CB-E090-1F890F3F71AB}.Release|Any CPU.ActiveCfg = Release|Any CPU
		{5B106F01-5B3A-73CB-E090-1F890F3F71AB}.Release|Any CPU.Build.0 = Release|Any CPU
	EndGlobalSection
	GlobalSection(SolutionProperties) = preSolution
		HideSolutionNode = FALSE
	EndGlobalSection
	GlobalSection(ExtensibilityGlobals) = postSolution
		SolutionGuid = {9F651EC6-AB6E-463A-8605-276754D96D5F}
	EndGlobalSection
EndGlobal
